# This file is autogenerated, do not edit; changes may be undone by the next 'dep ensure'.


[[projects]]
  digest = "1:c0b8f3f464666fb0ba3667c44a8bce17d97a8f178c15c75e4a17e0b677e41178"
  name = "github.com/brocaar/lora-app-server"
  packages = ["api"]
  pruneopts = "UT"
  revision = "7cd27c27c88d9d7b068121acbfc5f07ea46b0513"
  version = "v1.0.1"

[[projects]]
  branch = "master"
  digest = "1:f412e47839be0a1f44de51560125edd9a1374761c7ec5efb71d0e8bc683e9272"
  name = "github.com/brocaar/lorawan"
  packages = ["."]
  pruneopts = "UT"
  revision = "f359b50e77d1f421e9201846f425986017ffd851"

[[projects]]
  digest = "1:fa5f683d61134c9b619415cf3db4eb30daf59d752d345cc311f2bea639f9b111"
  name = "github.com/coreos/go-systemd"
  packages = [
    "daemon",
    "journal",
  ]
  pruneopts = "UT"
  revision = "39ca1b05acc7ad1220e09f133283b8859a8b71ab"
  version = "v17"

[[projects]]
  digest = "1:184008c955d6a3226b700c13ed0e875a7a051a759618f9bccba9b5c99f17faa5"
  name = "github.com/eclipse/paho.mqtt.golang"
  packages = [
    ".",
    "packets",
  ]
  pruneopts = "UT"
  revision = "36d01c2b4cbeb3d2a12063e4880ce30800af9560"
  version = "v1.1.1"

[[projects]]
  branch = "master"
  digest = "1:3fb07f8e222402962fa190eb060608b34eddfb64562a18e2167df2de0ece85d8"
  name = "github.com/golang/groupcache"
  packages = ["lru"]
  pruneopts = "UT"
  revision = "24b0969c4cb722950103eed87108c8d291a8df00"

[[projects]]
  digest = "1:0a7ddae0f9b0357691225e6048e0d4ea0253d94f3f951808df3e0ad556051433"
  name = "github.com/golang/protobuf"
  packages = [
    "jsonpb",
    "proto",
    "protoc-gen-go/descriptor",
    "ptypes",
    "ptypes/any",
    "ptypes/duration",
    "ptypes/struct",
    "ptypes/timestamp",
  ]
  pruneopts = "UT"
  revision = "b4deda0973fb4c70b50d226b1af49f3da59f5265"
  version = "v1.1.0"

[[projects]]
  digest = "1:906a4861d1c9e66afe27cf4b6f5e7867f66add8f46af7d9a9449c717ab894900"
  name = "github.com/grpc-ecosystem/grpc-gateway"
  packages = [
    "runtime",
    "runtime/internal",
    "utilities",
  ]
  pruneopts = "UT"
  revision = "74ba57806b9706edc6e2c9e5854ced57a9cd5ba0"
  version = "v1.4.0"

[[projects]]
  branch = "master"
  digest = "1:db71ee03c191f7f07cb8840e8072bfdef25248108d52d2c529cabb9f0f76a5ae"
  name = "github.com/jacobsa/crypto"
  packages = [
    "cmac",
    "common",
  ]
  pruneopts = "UT"
  revision = "c73681c634de898c869684602cf0c0d2ce938c4d"

[[projects]]
  branch = "master"
  digest = "1:62d5b2ef1c6581f97c3ee6210ce5a8da196077c5be04175c02b539ecc7f0f406"
  name = "github.com/openchirp/framework"
  packages = [
    ".",
    "pubsub",
    "rest",
  ]
  pruneopts = "UT"
  revision = "cdaad003029612e522530bafc723a71634ee7d14"

[[projects]]
  digest = "1:9e9193aa51197513b3abcb108970d831fbcf40ef96aa845c4f03276e1fa316d2"
  name = "github.com/sirupsen/logrus"
  packages = ["."]
  pruneopts = "UT"
  revision = "c155da19408a8799da419ed3eeb0cb5db0ad5dbc"
  version = "v1.0.5"

[[projects]]
  digest = "1:b24d38b282bacf9791408a080f606370efa3d364e4b5fd9ba0f7b87786d3b679"
  name = "github.com/urfave/cli"
  packages = ["."]
  pruneopts = "UT"
  revision = "cfb38830724cc34fedffe9a2a29fb54fa9169cd1"
  version = "v1.20.0"

[[projects]]
  branch = "master"
  digest = "1:f11d7335245ee25607d939cd530b63526304aa183f2041837fa448265be9dd87"
  name = "github.com/wercker/journalhook"
  packages = ["."]
  pruneopts = "UT"
  revision = "5d0a5ae867b354cbbbd2a9ab8d66b4f96cfaa741"

[[projects]]
  branch = "master"
  digest = "1:3f3a05ae0b95893d90b9b3b5afdb79a9b3d96e4e36e099d841ae602e4aca0da8"
  name = "golang.org/x/crypto"
  packages = ["ssh/terminal"]
  pruneopts = "UT"
  revision = "ab813273cd59e1333f7ae7bff5d027d4aadf528c"

[[projects]]
  branch = "master"
  digest = "1:8764ad01d5c65f756f23b30411cd38b61992fec8777980428ed4873b92e9e8c5"
  name = "golang.org/x/net"
  packages = [
    "context",
    "http/httpguts",
    "http2",
    "http2/hpack",
    "idna",
    "internal/socks",
    "internal/timeseries",
    "proxy",
    "trace",
    "websocket",
  ]
  pruneopts = "UT"
  revision = "9ef9f5bb98a1fdc41f8cf6c250a4404b4085e389"

[[projects]]
  branch = "master"
  digest = "1:8fbfc6ea1a8a078697633be97f07dd83a83d32a96959d42195464c13c25be374"
  name = "golang.org/x/sys"
  packages = [
    "unix",
    "windows",
  ]
  pruneopts = "UT"
  revision = "c11f84a56e43e20a78cee75a7c034031ecf57d1f"

[[projects]]
  digest = "1:a2ab62866c75542dd18d2b069fec854577a20211d7c0ea6ae746072a1dccdd18"
  name = "golang.org/x/text"
  packages = [
    "collate",
    "collate/build",
    "internal/colltab",
    "internal/gen",
    "internal/tag",
    "internal/triegen",
    "internal/ucd",
    "language",
    "secure/bidirule",
    "transform",
    "unicode/bidi",
    "unicode/cldr",
    "unicode/norm",
    "unicode/rangetable",
  ]
  pruneopts = "UT"
  revision = "f21a4dfb5e38f5895301dc265a8def02365cc3d0"
  version = "v0.3.0"

[[projects]]
  branch = "master"
  digest = "1:2457b9d8a042744fa70c2263353c2dec49ff63efc9b3ceba41d2d5909d142507"
  name = "google.golang.org/genproto"
  packages = [
    "googleapis/api/annotations",
    "googleapis/rpc/status",
  ]
  pruneopts = "UT"
  revision = "11a468237815f3a3ddf9f7c6e8b6b3b382a24d15"

[[projects]]
  digest = "1:6714d3b86939ac589343a4785f4c219fbb8d8374d26cc5f89d45c4138ab048e0"
  name = "google.golang.org/grpc"
  packages = [
    ".",
    "balancer",
    "balancer/base",
    "balancer/roundrobin",
    "codes",
    "connectivity",
    "credentials",
    "encoding",
    "grpclb/grpc_lb_v1/messages",
    "grpclog",
    "internal",
    "keepalive",
    "metadata",
    "naming",
    "peer",
    "resolver",
    "resolver/dns",
    "resolver/passthrough",
    "stats",
    "status",
    "tap",
    "transport",
  ]
  pruneopts = "UT"
  revision = "7cea4cc846bcf00cbb27595b07da5de875ef7de9"
  version = "v1.9.1"

[solve-meta]
  analyzer-name = "dep"
  analyzer-version = 1
  input-imports = [
    "github.com/brocaar/lora-app-server/api",
    "github.com/brocaar/lorawan",
    "github.com/coreos/go-systemd/daemon",
    "github.com/openchirp/framework",
    "github.com/openchirp/framework/pubsub",
    "github.com/sirupsen/logrus",
    "github.com/urfave/cli",
    "github.com/wercker/journalhook",
    "golang.org/x/net/context",
    "google.golang.org/grpc",
    "google.golang.org/grpc/codes",
    "google.golang.org/grpc/credentials",
  ]
  solver-name = "gps-cdcl"
  solver-version = 1
